{
    "_readme": [
        "This file locks the dependencies of your project to a known state",
        "Read more about it at http://getcomposer.org/doc/01-basic-usage.md#composer-lock-the-lock-file"
    ],
    "hash": "5e7aa44b572f110517bfd11d20940715",
    "packages": [
        {
            "name": "mf2/mf2",
            "version": "v0.1.14",
            "source": {
                "type": "git",
                "url": "https://github.com/indieweb/php-mf2.git",
                "reference": "v0.1.14"
            },
            "dist": {
                "type": "zip",
                "url": "https://api.github.com/repos/indieweb/php-mf2/zipball/v0.1.14",
                "reference": "v0.1.14",
                "shasum": ""
            },
            "require": {
                "php": ">=5.3.0",
                "webignition/absolute-url-deriver": "1.3.*"
            },
            "require-dev": {
                "phpunit/phpunit": "3.7.*"
            },
            "type": "library",
            "autoload": {
                "psr-0": {
                    "mf2\\Parser": ""
                }
            },
            "notification-url": "https://packagist.org/downloads/",
            "authors": [
                {
                    "name": "Barnaby Walters",
                    "homepage": "http://waterpigs.co.uk"
                }
            ],
            "description": "A pure (generic) microformats-2 parser",
            "keywords": [
                "microformats",
                "microformats 2",
                "parser",
                "semantic"
            ],
            "time": "2013-06-03 17:26:32"
        },
        {
            "name": "michelf/php-markdown",
            "version": "dev-lib",
            "source": {
                "type": "git",
                "url": "https://github.com/michelf/php-markdown.git",
                "reference": "53f638871750d6cfc66daf61d0741d75df838aad"
            },
            "dist": {
                "type": "zip",
                "url": "https://api.github.com/repos/michelf/php-markdown/zipball/53f638871750d6cfc66daf61d0741d75df838aad",
                "reference": "53f638871750d6cfc66daf61d0741d75df838aad",
                "shasum": ""
            },
            "require": {
                "php": ">=5.3.0"
            },
            "type": "library",
            "extra": {
                "branch-alias": {
                    "dev-lib": "1.3.x-dev"
                }
            },
            "autoload": {
                "psr-0": {
                    "Michelf": ""
                }
            },
            "license": [
                "BSD-3-Clause"
            ],
            "authors": [
                {
                    "name": "Michel Fortin",
                    "email": "michel.fortin@michelf.ca",
                    "homepage": "http://michelf.ca/",
                    "role": "Developer"
                },
                {
                    "name": "John Gruber",
                    "homepage": "http://daringfireball.net/"
                }
            ],
            "description": "PHP Markdown",
            "homepage": "http://michelf.ca/projects/php-markdown/",
            "keywords": [
                "markdown"
            ],
            "time": "2013-04-13 19:18:58"
        },
        {
            "name": "phpish/app",
            "version": "dev-master",
            "source": {
                "type": "git",
                "url": "https://github.com/phpish/app.git",
                "reference": "5734dcb56be43a8227a740b3dc5d34cb36bc6cc4"
            },
            "dist": {
                "type": "zip",
                "url": "https://api.github.com/repos/phpish/app/zipball/5734dcb56be43a8227a740b3dc5d34cb36bc6cc4",
                "reference": "5734dcb56be43a8227a740b3dc5d34cb36bc6cc4",
                "shasum": ""
            },
            "require": {
                "php": ">=5.3.0"
            },
            "type": "library",
            "notification-url": "https://packagist.org/downloads/",
            "license": [
                "MIT"
            ],
            "authors": [
                {
                    "name": "Sandeep Shetty",
                    "email": "sandeep.shetty@gmail.com",
                    "homepage": "http://sandeep.shetty.in",
                    "role": "Developer"
                }
            ],
            "description": "Request Handler",
            "homepage": "https://github.com/phpish/app",
            "time": "2013-06-13 21:30:40"
        },
        {
            "name": "phpish/http",
            "version": "dev-master",
            "source": {
                "type": "git",
                "url": "https://github.com/phpish/http.git",
                "reference": "1b8345b343422f8387a173656d71d4bf307ab85f"
            },
            "dist": {
                "type": "zip",
                "url": "https://api.github.com/repos/phpish/http/zipball/1b8345b343422f8387a173656d71d4bf307ab85f",
                "reference": "1b8345b343422f8387a173656d71d4bf307ab85f",
                "shasum": ""
            },
            "require": {
                "php": ">=5.3.0"
            },
            "type": "library",
            "license": [
                "MIT"
            ],
            "authors": [
                {
                    "name": "Sandeep Shetty",
                    "email": "sandeep.shetty@gmail.com",
                    "homepage": "http://sandeep.shetty.in",
                    "role": "Developer"
                }
            ],
            "description": "Convenience wrapper around cURL",
            "homepage": "https://github.com/phpish/http",
            "keywords": [
                "api",
                "curl",
                "http"
            ],
            "time": "2013-01-06 21:45:32"
        },
        {
            "name": "phpish/mysql",
            "version": "dev-master",
            "source": {
                "type": "git",
                "url": "http://github.com/phpish/mysql",
                "reference": "2c2a7b83aa9707510b72218774698a59eb28dd60"
            },
            "dist": {
                "type": "zip",
                "url": "https://github.com/phpish/mysql/archive/2c2a7b83aa9707510b72218774698a59eb28dd60.zip",
                "reference": "2c2a7b83aa9707510b72218774698a59eb28dd60",
                "shasum": ""
            },
            "require": {
                "php": ">=5.3.0"
            },
            "type": "library",
            "license": [
                "MIT"
            ],
            "authors": [
                {
                    "name": "Sandeep Shetty",
                    "email": "sandeep.shetty@gmail.com",
                    "homepage": "http://sandeep.shetty.in",
                    "role": "Developer"
                }
            ],
            "description": "Convenience wrapper around Mysqli",
            "homepage": "https://github.com/phpish/mysql",
            "keywords": [
                "database",
                "db",
                "mysql",
                "mysqli"
            ],
            "time": "2012-11-10 08:14:13"
        },
        {
            "name": "phpish/template",
            "version": "dev-master",
            "source": {
                "type": "git",
                "url": "https://github.com/phpish/template",
                "reference": "62dfb46886254f855956e191b4d8c1ab464c1c86"
            },
            "dist": {
                "type": "zip",
                "url": "https://github.com/phpish/template/zipball/62dfb46886254f855956e191b4d8c1ab464c1c86",
                "reference": "62dfb46886254f855956e191b4d8c1ab464c1c86",
                "shasum": ""
            },
            "require": {
                "php": ">=5.3.0"
            },
            "type": "library",
            "license": [
                "MIT"
            ],
            "authors": [
                {
                    "name": "Sandeep Shetty",
                    "email": "sandeep.shetty@gmail.com",
                    "homepage": "http://sandeep.shetty.in",
                    "role": "Developer"
                }
            ],
            "description": "Capture output of and compose plain old PHP templates",
            "homepage": "https://github.com/phpish/template",
            "time": "2012-10-26 20:23:14"
        },
        {
            "name": "webignition/absolute-url-deriver",
            "version": "1.3",
            "source": {
                "type": "git",
                "url": "https://github.com/webignition/absolute-url-deriver.git",
                "reference": "1.3"
            },
            "dist": {
                "type": "zip",
                "url": "https://api.github.com/repos/webignition/absolute-url-deriver/zipball/1.3",
                "reference": "1.3",
                "shasum": ""
            },
            "require": {
                "php": ">=5.3.0",
                "webignition/url": ">=1.1"
            },
            "type": "library",
            "autoload": {
                "psr-0": {
                    "": "src/"
                }
            },
            "notification-url": "https://packagist.org/downloads/",
            "license": [
                "MIT"
            ],
            "authors": [
                {
                    "name": "Jon Cram",
                    "email": "jon@webignition.net"
                }
            ],
            "description": "Derives an absolute URL from relative and source URLs",
            "homepage": "https://github.com/webignition/absolute-url-deriver",
            "keywords": [
                "absolute",
                "url"
            ],
            "time": "2013-03-18 12:54:57"
        },
        {
            "name": "webignition/url",
            "version": "1.4.1",
            "source": {
                "type": "git",
                "url": "https://github.com/webignition/url",
                "reference": "1.4.1"
            },
            "dist": {
                "type": "zip",
                "url": "https://github.com/webignition/url/zipball/1.4.1",
                "reference": "1.4.1",
                "shasum": ""
            },
            "require": {
                "php": ">=5.3.0"
            },
            "type": "library",
            "autoload": {
                "psr-0": {
                    "": "src/"
                }
            },
            "notification-url": "https://packagist.org/downloads/",
            "license": [
                "MIT"
            ],
            "authors": [
                {
                    "name": "Jon Cram",
                    "email": "jon@webignition.net"
                }
            ],
            "description": "Represents a URL, a library to be used in many other places. Applies semantically-lossless normalisation for comparisons.",
            "homepage": "https://github.com/webignition/url",
            "keywords": [
                "url"
            ],
            "time": "2012-10-19 04:50:16"
        }
    ],
    "packages-dev": [

    ],
    "aliases": [

    ],
    "minimum-stability": "stable",
    "stability-flags": {
        "phpish/app": 20,
        "phpish/template": 20,
        "phpish/mysql": 20,
        "phpish/http": 20,
        "michelf/php-markdown": 20
    },
    "platform": [

    ],
    "platform-dev": [

    ]
}
