{
    "hash": "d6fcb21b4f84d8700b0979a435de7ed4",
    "packages": [
        {
            "name": "michelf/php-markdown-extra",
            "version": "1.2.5",
            "dist": {
                "type": "zip",
                "url": "http://littoral.michelf.ca/code/php-markdown/php-markdown-extra-1.2.5.zip",
                "reference": null,
                "shasum": null
            },
            "type": "library",
            "installation-source": "dist"
        },
        {
            "name": "phpish/app",
            "version": "dev-master",
            "source": {
                "type": "git",
                "url": "https://github.com/phpish/app",
                "reference": "47c0cc7e372c8453835e20d9e497227e0b95cf65"
            },
            "dist": {
                "type": "zip",
                "url": "https://github.com/phpish/app/zipball/47c0cc7e372c8453835e20d9e497227e0b95cf65",
                "reference": "47c0cc7e372c8453835e20d9e497227e0b95cf65",
                "shasum": ""
            },
            "require": {
                "php": ">=5.3.0"
            },
            "time": "1351197449",
            "type": "library",
            "installation-source": "source",
            "license": [
                "MIT"
            ],
            "authors": [
                {
                    "name": "Sandeep Shetty",
                    "email": "sandeep.shetty@gmail.com",
                    "homepage": "http://sandeep.shetty.in",
                    "role": "Developer"
                }
            ],
            "description": "Request Handler",
            "homepage": "https://github.com/phpish/app"
        },
        {
            "name": "phpish/http",
            "version": "dev-master",
            "source": {
                "type": "git",
                "url": "https://github.com/phpish/http",
                "reference": "370f90657be68a676f34704c2d29c7146e784506"
            },
            "dist": {
                "type": "zip",
                "url": "https://github.com/phpish/http/zipball/370f90657be68a676f34704c2d29c7146e784506",
                "reference": "370f90657be68a676f34704c2d29c7146e784506",
                "shasum": ""
            },
            "require": {
                "php": ">=5.3.0"
            },
            "time": "1349635398",
            "type": "library",
            "installation-source": "source",
            "license": [
                "MIT"
            ],
            "authors": [
                {
                    "name": "Sandeep Shetty",
                    "email": "sandeep.shetty@gmail.com",
                    "homepage": "http://sandeep.shetty.in",
                    "role": "Developer"
                }
            ],
            "description": "Convenience wrapper around PHP's cURL library for making HTTP requests",
            "homepage": "https://github.com/phpish/http",
            "keywords": [
                "curl",
                "http",
                "api"
            ]
        },
        {
            "name": "phpish/template",
            "version": "dev-master",
            "source": {
                "type": "git",
                "url": "https://github.com/phpish/template",
                "reference": "be5dd7aaca41bd5f34b06c8eb7810db687b9ce9a"
            },
            "dist": {
                "type": "zip",
                "url": "https://github.com/phpish/template/zipball/be5dd7aaca41bd5f34b06c8eb7810db687b9ce9a",
                "reference": "be5dd7aaca41bd5f34b06c8eb7810db687b9ce9a",
                "shasum": ""
            },
            "require": {
                "php": ">=5.3.0"
            },
            "time": "1351189588",
            "type": "library",
            "installation-source": "source",
            "license": [
                "MIT"
            ],
            "authors": [
                {
                    "name": "Sandeep Shetty",
                    "email": "sandeep.shetty@gmail.com",
                    "homepage": "http://sandeep.shetty.in",
                    "role": "Developer"
                }
            ],
            "description": "Capture output of and compose plain old PHP templates",
            "homepage": "https://github.com/phpish/template"
        }
    ],
    "packages-dev": null,
    "aliases": [

    ],
    "minimum-stability": "stable",
    "stability-flags": {
        "phpish/app": 20,
        "phpish/template": 20,
        "phpish/http": 20
    }
}
