{
    "hash": "73d4bf3952c05ed0d5c4e044d640ccdc",
    "packages": [
        {
            "name": "michelf/php-markdown-extra",
            "version": "1.2.5",
            "dist": {
                "type": "zip",
                "url": "http://littoral.michelf.ca/code/php-markdown/php-markdown-extra-1.2.5.zip",
                "reference": null,
                "shasum": null
            },
            "type": "library",
            "installation-source": "dist"
        },
        {
            "name": "phpish/app",
            "version": "dev-master",
            "source": {
                "type": "git",
                "url": "https://github.com/phpish/app",
                "reference": "47c0cc7e372c8453835e20d9e497227e0b95cf65"
            },
            "dist": {
                "type": "zip",
                "url": "https://github.com/phpish/app/zipball/47c0cc7e372c8453835e20d9e497227e0b95cf65",
                "reference": "47c0cc7e372c8453835e20d9e497227e0b95cf65",
                "shasum": ""
            },
            "require": {
                "php": ">=5.3.0"
            },
            "time": "1351197449",
            "type": "library",
            "installation-source": "source",
            "license": [
                "MIT"
            ],
            "authors": [
                {
                    "name": "Sandeep Shetty",
                    "email": "sandeep.shetty@gmail.com",
                    "homepage": "http://sandeep.shetty.in",
                    "role": "Developer"
                }
            ],
            "description": "Request Handler",
            "homepage": "https://github.com/phpish/app"
        },
        {
            "name": "phpish/http",
            "version": "dev-master",
            "source": {
                "type": "git",
                "url": "https://github.com/phpish/http",
                "reference": "535f516f45685b675d21932b84b5e0897f5cc022"
            },
            "dist": {
                "type": "zip",
                "url": "https://github.com/phpish/http/archive/535f516f45685b675d21932b84b5e0897f5cc022.zip",
                "reference": "535f516f45685b675d21932b84b5e0897f5cc022",
                "shasum": ""
            },
            "require": {
                "php": ">=5.3.0"
            },
            "time": "1352102100",
            "type": "library",
            "installation-source": "source",
            "license": [
                "MIT"
            ],
            "authors": [
                {
                    "name": "Sandeep Shetty",
                    "email": "sandeep.shetty@gmail.com",
                    "homepage": "http://sandeep.shetty.in",
                    "role": "Developer"
                }
            ],
            "description": "Convenience wrapper around cURL",
            "homepage": "https://github.com/phpish/http",
            "keywords": [
                "curl",
                "http",
                "api"
            ]
        },
        {
            "name": "phpish/mysql",
            "version": "dev-master",
            "source": {
                "type": "git",
                "url": "http://github.com/phpish/mysql",
                "reference": "5a0ddfaf42ab7a0be19c539f7d89d3758b8921e6"
            },
            "dist": {
                "type": "zip",
                "url": "https://github.com/phpish/mysql/zipball/5a0ddfaf42ab7a0be19c539f7d89d3758b8921e6",
                "reference": "5a0ddfaf42ab7a0be19c539f7d89d3758b8921e6",
                "shasum": ""
            },
            "require": {
                "php": ">=5.3.0"
            },
            "time": "1351381367",
            "type": "library",
            "installation-source": "source",
            "license": [
                "MIT"
            ],
            "authors": [
                {
                    "name": "Sandeep Shetty",
                    "email": "sandeep.shetty@gmail.com",
                    "homepage": "http://sandeep.shetty.in",
                    "role": "Developer"
                }
            ],
            "description": "Convenience wrapper around Mysqli",
            "homepage": "https://github.com/phpish/mysql",
            "keywords": [
                "database",
                "db",
                "mysql",
                "mysqli"
            ]
        },
        {
            "name": "phpish/template",
            "version": "dev-master",
            "source": {
                "type": "git",
                "url": "https://github.com/phpish/template",
                "reference": "62dfb46886254f855956e191b4d8c1ab464c1c86"
            },
            "dist": {
                "type": "zip",
                "url": "https://github.com/phpish/template/zipball/62dfb46886254f855956e191b4d8c1ab464c1c86",
                "reference": "62dfb46886254f855956e191b4d8c1ab464c1c86",
                "shasum": ""
            },
            "require": {
                "php": ">=5.3.0"
            },
            "time": "1351282994",
            "type": "library",
            "installation-source": "source",
            "license": [
                "MIT"
            ],
            "authors": [
                {
                    "name": "Sandeep Shetty",
                    "email": "sandeep.shetty@gmail.com",
                    "homepage": "http://sandeep.shetty.in",
                    "role": "Developer"
                }
            ],
            "description": "Capture output of and compose plain old PHP templates",
            "homepage": "https://github.com/phpish/template"
        }
    ],
    "packages-dev": null,
    "aliases": [

    ],
    "minimum-stability": "stable",
    "stability-flags": {
        "phpish/app": 20,
        "phpish/template": 20,
        "phpish/mysql": 20,
        "phpish/http": 20
    }
}
